# This file is automatically @generated by Cargo.
# It is not intended for manual editing.
version = 4

[[package]]
name = "snoop"
version = "0.1.0"
dependencies = [
 "snoop-common",
]

[[package]]
name = "snoop-common"
version = "0.1.0"

[[package]]
name = "snoop-ebpf"
version = "0.1.0"
dependencies = [
 "snoop-common",
]
